# This file is automatically @generated by Cargo.
# It is not intended for manual editing.
version = 4

[[package]]
name = "ferrite"
version = "0.1.0"
dependencies = [
 "ferrite-sys",
]

[[package]]
name = "ferrite-sys"
version = "0.1.0"

[[package]]
name = "hello"
version = "0.1.0"
dependencies = [
 "ferrite",
]
